
Microsoft Visual Studio Solution File, Format Version 12.00
# Visual Studio Version 17
VisualStudioVersion = 17.11.35327.3
MinimumVisualStudioVersion = 10.0.40219.1
Project("{9A19103F-16F7-4668-BE54-9A1E7A4F7556}") = "WordsKing", "WordsKing\WordsKing.csproj", "{945E9766-78BA-44FC-8227-0395D4B5E5AD}"
EndProject
Global
	GlobalSection(SolutionConfigurationPlatforms) = preSolution
		Debug|Any CPU = Debug|Any CPU
		Release|Any CPU = Release|Any CPU
	EndGlobalSection
	GlobalSection(ProjectConfigurationPlatforms) = postSolution
		{945E9766-78BA-44FC-8227-0395D4B5E5AD}.Debug|Any CPU.ActiveCfg = Debug|Any CPU
		{945E9766-78BA-44FC-8227-0395D4B5E5AD}.Debug|Any CPU.Build.0 = Debug|Any CPU
		{945E9766-78BA-44FC-8227-0395D4B5E5AD}.Release|Any CPU.ActiveCfg = Release|Any CPU
		{945E9766-78BA-44FC-8227-0395D4B5E5AD}.Release|Any CPU.Build.0 = Release|Any CPU
	EndGlobalSection
	GlobalSection(SolutionProperties) = preSolution
		HideSolutionNode = FALSE
	EndGlobalSection
	GlobalSection(ExtensibilityGlobals) = postSolution
		SolutionGuid = {4CE61095-F706-462E-9582-77AE7EC48C62}
	EndGlobalSection
EndGlobal
